
Microsoft Visual Studio Solution File, Format Version 12.00
# Visual Studio 15
VisualStudioVersion = 15.0.28010.2003
MinimumVisualStudioVersion = 10.0.40219.1
Project("{FAE04EC0-301F-11D3-BF4B-00C04F79EFBC}") = "Sales.Android", "Sales\Sales.Android\Sales.Android.csproj", "{79CB0804-ADA8-4BE7-81A8-25FCDC9C42F5}"
EndProject
Project("{FAE04EC0-301F-11D3-BF4B-00C04F79EFBC}") = "Sales.iOS", "Sales\Sales.iOS\Sales.iOS.csproj", "{9BE38131-D209-4F77-BA5F-3A4994D7AC61}"
EndProject
Project("{FAE04EC0-301F-11D3-BF4B-00C04F79EFBC}") = "Sales.UWP", "Sales\Sales.UWP\Sales.UWP.csproj", "{116DDA71-F619-407A-8C9D-42754A70E635}"
EndProject
Project("{FAE04EC0-301F-11D3-BF4B-00C04F79EFBC}") = "Sales", "Sales\Sales\Sales.csproj", "{8FD17EEA-193F-465B-838F-0E40D86DA1A3}"
EndProject
Project("{FAE04EC0-301F-11D3-BF4B-00C04F79EFBC}") = "Sales.Backend", "Sales.Backend\Sales.Backend.csproj", "{31562563-6B2F-4B99-B7A7-80FE5B952118}"
EndProject
Project("{FAE04EC0-301F-11D3-BF4B-00C04F79EFBC}") = "Sales.API", "Sales.API\Sales.API.csproj", "{C6D205FB-4B39-4F7A-8A66-31967C77B4CC}"
EndProject
Project("{FAE04EC0-301F-11D3-BF4B-00C04F79EFBC}") = "Sales.Domain", "Sales.Domain\Sales.Domain.csproj", "{57B29ADD-ACF4-4232-8585-6D58636C5177}"
EndProject
Project("{FAE04EC0-301F-11D3-BF4B-00C04F79EFBC}") = "Sales.Common", "Sales.Common\Sales.Common.csproj", "{05C9F7D5-900A-42E3-8853-4D932BB41C70}"
EndProject
Global
	GlobalSection(SolutionConfigurationPlatforms) = preSolution
		Ad-Hoc|Any CPU = Ad-Hoc|Any CPU
		Ad-Hoc|ARM = Ad-Hoc|ARM
		Ad-Hoc|iPhone = Ad-Hoc|iPhone
		Ad-Hoc|iPhoneSimulator = Ad-Hoc|iPhoneSimulator
		Ad-Hoc|x64 = Ad-Hoc|x64
		Ad-Hoc|x86 = Ad-Hoc|x86
		AppStore|Any CPU = AppStore|Any CPU
		AppStore|ARM = AppStore|ARM
		AppStore|iPhone = AppStore|iPhone
		AppStore|iPhoneSimulator = AppStore|iPhoneSimulator
		AppStore|x64 = AppStore|x64
		AppStore|x86 = AppStore|x86
		Debug|Any CPU = Debug|Any CPU
		Debug|ARM = Debug|ARM
		Debug|iPhone = Debug|iPhone
		Debug|iPhoneSimulator = Debug|iPhoneSimulator
		Debug|x64 = Debug|x64
		Debug|x86 = Debug|x86
		Release|Any CPU = Release|Any CPU
		Release|ARM = Release|ARM
		Release|iPhone = Release|iPhone
		Release|iPhoneSimulator = Release|iPhoneSimulator
		Release|x64 = Release|x64
		Release|x86 = Release|x86
	EndGlobalSection
	GlobalSection(ProjectConfigurationPlatforms) = postSolution
		{79CB0804-ADA8-4BE7-81A8-25FCDC9C42F5}.Ad-Hoc|Any CPU.ActiveCfg = Release|Any CPU
		{79CB0804-ADA8-4BE7-81A8-25FCDC9C42F5}.Ad-Hoc|Any CPU.Build.0 = Release|Any CPU
		{79CB0804-ADA8-4BE7-81A8-25FCDC9C42F5}.Ad-Hoc|Any CPU.Deploy.0 = Release|Any CPU
		{79CB0804-ADA8-4BE7-81A8-25FCDC9C42F5}.Ad-Hoc|ARM.ActiveCfg = Release|Any CPU
		{79CB0804-ADA8-4BE7-81A8-25FCDC9C42F5}.Ad-Hoc|ARM.Build.0 = Release|Any CPU
		{79CB0804-ADA8-4BE7-81A8-25FCDC9C42F5}.Ad-Hoc|ARM.Deploy.0 = Release|Any CPU
		{79CB0804-ADA8-4BE7-81A8-25FCDC9C42F5}.Ad-Hoc|iPhone.ActiveCfg = Release|Any CPU
		{79CB0804-ADA8-4BE7-81A8-25FCDC9C42F5}.Ad-Hoc|iPhone.Build.0 = Release|Any CPU
		{79CB0804-ADA8-4BE7-81A8-25FCDC9C42F5}.Ad-Hoc|iPhone.Deploy.0 = Release|Any CPU
		{79CB0804-ADA8-4BE7-81A8-25FCDC9C42F5}.Ad-Hoc|iPhoneSimulator.ActiveCfg = Release|Any CPU
		{79CB0804-ADA8-4BE7-81A8-25FCDC9C42F5}.Ad-Hoc|iPhoneSimulator.Build.0 = Release|Any CPU
		{79CB0804-ADA8-4BE7-81A8-25FCDC9C42F5}.Ad-Hoc|iPhoneSimulator.Deploy.0 = Release|Any CPU
		{79CB0804-ADA8-4BE7-81A8-25FCDC9C42F5}.Ad-Hoc|x64.ActiveCfg = Release|Any CPU
		{79CB0804-ADA8-4BE7-81A8-25FCDC9C42F5}.Ad-Hoc|x64.Build.0 = Release|Any CPU
		{79CB0804-ADA8-4BE7-81A8-25FCDC9C42F5}.Ad-Hoc|x64.Deploy.0 = Release|Any CPU
		{79CB0804-ADA8-4BE7-81A8-25FCDC9C42F5}.Ad-Hoc|x86.ActiveCfg = Release|Any CPU
		{79CB0804-ADA8-4BE7-81A8-25FCDC9C42F5}.Ad-Hoc|x86.Build.0 = Release|Any CPU
		{79CB0804-ADA8-4BE7-81A8-25FCDC9C42F5}.Ad-Hoc|x86.Deploy.0 = Release|Any CPU
		{79CB0804-ADA8-4BE7-81A8-25FCDC9C42F5}.AppStore|Any CPU.ActiveCfg = Release|Any CPU
		{79CB0804-ADA8-4BE7-81A8-25FCDC9C42F5}.AppStore|Any CPU.Build.0 = Release|Any CPU
		{79CB0804-ADA8-4BE7-81A8-25FCDC9C42F5}.AppStore|Any CPU.Deploy.0 = Release|Any CPU
		{79CB0804-ADA8-4BE7-81A8-25FCDC9C42F5}.AppStore|ARM.ActiveCfg = Release|Any CPU
		{79CB0804-ADA8-4BE7-81A8-25FCDC9C42F5}.AppStore|ARM.Build.0 = Release|Any CPU
		{79CB0804-ADA8-4BE7-81A8-25FCDC9C42F5}.AppStore|ARM.Deploy.0 = Release|Any CPU
		{79CB0804-ADA8-4BE7-81A8-25FCDC9C42F5}.AppStore|iPhone.ActiveCfg = Release|Any CPU
		{79CB0804-ADA8-4BE7-81A8-25FCDC9C42F5}.AppStore|iPhone.Build.0 = Release|Any CPU
		{79CB0804-ADA8-4BE7-81A8-25FCDC9C42F5}.AppStore|iPhone.Deploy.0 = Release|Any CPU
		{79CB0804-ADA8-4BE7-81A8-25FCDC9C42F5}.AppStore|iPhoneSimulator.ActiveCfg = Release|Any CPU
		{79CB0804-ADA8-4BE7-81A8-25FCDC9C42F5}.AppStore|iPhoneSimulator.Build.0 = Release|Any CPU
		{79CB0804-ADA8-4BE7-81A8-25FCDC9C42F5}.AppStore|iPhoneSimulator.Deploy.0 = Release|Any CPU
		{79CB0804-ADA8-4BE7-81A8-25FCDC9C42F5}.AppStore|x64.ActiveCfg = Release|Any CPU
		{79CB0804-ADA8-4BE7-81A8-25FCDC9C42F5}.AppStore|x64.Build.0 = Release|Any CPU
		{79CB0804-ADA8-4BE7-81A8-25FCDC9C42F5}.AppStore|x64.Deploy.0 = Release|Any CPU
		{79CB0804-ADA8-4BE7-81A8-25FCDC9C42F5}.AppStore|x86.ActiveCfg = Release|Any CPU
		{79CB0804-ADA8-4BE7-81A8-25FCDC9C42F5}.AppStore|x86.Build.0 = Release|Any CPU
		{79CB0804-ADA8-4BE7-81A8-25FCDC9C42F5}.AppStore|x86.Deploy.0 = Release|Any CPU
		{79CB0804-ADA8-4BE7-81A8-25FCDC9C42F5}.Debug|Any CPU.ActiveCfg = Debug|Any CPU
		{79CB0804-ADA8-4BE7-81A8-25FCDC9C42F5}.Debug|Any CPU.Build.0 = Debug|Any CPU
		{79CB0804-ADA8-4BE7-81A8-25FCDC9C42F5}.Debug|Any CPU.Deploy.0 = Debug|Any CPU
		{79CB0804-ADA8-4BE7-81A8-25FCDC9C42F5}.Debug|ARM.ActiveCfg = Debug|Any CPU
		{79CB0804-ADA8-4BE7-81A8-25FCDC9C42F5}.Debug|ARM.Build.0 = Debug|Any CPU
		{79CB0804-ADA8-4BE7-81A8-25FCDC9C42F5}.Debug|ARM.Deploy.0 = Debug|Any CPU
		{79CB0804-ADA8-4BE7-81A8-25FCDC9C42F5}.Debug|iPhone.ActiveCfg = Debug|Any CPU
		{79CB0804-ADA8-4BE7-81A8-25FCDC9C42F5}.Debug|iPhone.Build.0 = Debug|Any CPU
		{79CB0804-ADA8-4BE7-81A8-25FCDC9C42F5}.Debug|iPhone.Deploy.0 = Debug|Any CPU
		{79CB0804-ADA8-4BE7-81A8-25FCDC9C42F5}.Debug|iPhoneSimulator.ActiveCfg = Debug|Any CPU
		{79CB0804-ADA8-4BE7-81A8-25FCDC9C42F5}.Debug|iPhoneSimulator.Build.0 = Debug|Any CPU
		{79CB0804-ADA8-4BE7-81A8-25FCDC9C42F5}.Debug|iPhoneSimulator.Deploy.0 = Debug|Any CPU
		{79CB0804-ADA8-4BE7-81A8-25FCDC9C42F5}.Debug|x64.ActiveCfg = Debug|Any CPU
		{79CB0804-ADA8-4BE7-81A8-25FCDC9C42F5}.Debug|x64.Build.0 = Debug|Any CPU
		{79CB0804-ADA8-4BE7-81A8-25FCDC9C42F5}.Debug|x64.Deploy.0 = Debug|Any CPU
		{79CB0804-ADA8-4BE7-81A8-25FCDC9C42F5}.Debug|x86.ActiveCfg = Debug|Any CPU
		{79CB0804-ADA8-4BE7-81A8-25FCDC9C42F5}.Debug|x86.Build.0 = Debug|Any CPU
		{79CB0804-ADA8-4BE7-81A8-25FCDC9C42F5}.Debug|x86.Deploy.0 = Debug|Any CPU
		{79CB0804-ADA8-4BE7-81A8-25FCDC9C42F5}.Release|Any CPU.ActiveCfg = Release|Any CPU
		{79CB0804-ADA8-4BE7-81A8-25FCDC9C42F5}.Release|Any CPU.Build.0 = Release|Any CPU
		{79CB0804-ADA8-4BE7-81A8-25FCDC9C42F5}.Release|Any CPU.Deploy.0 = Release|Any CPU
		{79CB0804-ADA8-4BE7-81A8-25FCDC9C42F5}.Release|ARM.ActiveCfg = Release|Any CPU
		{79CB0804-ADA8-4BE7-81A8-25FCDC9C42F5}.Release|ARM.Build.0 = Release|Any CPU
		{79CB0804-ADA8-4BE7-81A8-25FCDC9C42F5}.Release|ARM.Deploy.0 = Release|Any CPU
		{79CB0804-ADA8-4BE7-81A8-25FCDC9C42F5}.Release|iPhone.ActiveCfg = Release|Any CPU
		{79CB0804-ADA8-4BE7-81A8-25FCDC9C42F5}.Release|iPhone.Build.0 = Release|Any CPU
		{79CB0804-ADA8-4BE7-81A8-25FCDC9C42F5}.Release|iPhone.Deploy.0 = Release|Any CPU
		{79CB0804-ADA8-4BE7-81A8-25FCDC9C42F5}.Release|iPhoneSimulator.ActiveCfg = Release|Any CPU
		{79CB0804-ADA8-4BE7-81A8-25FCDC9C42F5}.Release|iPhoneSimulator.Build.0 = Release|Any CPU
		{79CB0804-ADA8-4BE7-81A8-25FCDC9C42F5}.Release|iPhoneSimulator.Deploy.0 = Release|Any CPU
		{79CB0804-ADA8-4BE7-81A8-25FCDC9C42F5}.Release|x64.ActiveCfg = Release|Any CPU
		{79CB0804-ADA8-4BE7-81A8-25FCDC9C42F5}.Release|x64.Build.0 = Release|Any CPU
		{79CB0804-ADA8-4BE7-81A8-25FCDC9C42F5}.Release|x64.Deploy.0 = Release|Any CPU
		{79CB0804-ADA8-4BE7-81A8-25FCDC9C42F5}.Release|x86.ActiveCfg = Release|Any CPU
		{79CB0804-ADA8-4BE7-81A8-25FCDC9C42F5}.Release|x86.Build.0 = Release|Any CPU
		{79CB0804-ADA8-4BE7-81A8-25FCDC9C42F5}.Release|x86.Deploy.0 = Release|Any CPU
		{9BE38131-D209-4F77-BA5F-3A4994D7AC61}.Ad-Hoc|Any CPU.ActiveCfg = Ad-Hoc|iPhone
		{9BE38131-D209-4F77-BA5F-3A4994D7AC61}.Ad-Hoc|Any CPU.Build.0 = Ad-Hoc|iPhone
		{9BE38131-D209-4F77-BA5F-3A4994D7AC61}.Ad-Hoc|Any CPU.Deploy.0 = Ad-Hoc|iPhone
		{9BE38131-D209-4F77-BA5F-3A4994D7AC61}.Ad-Hoc|ARM.ActiveCfg = Ad-Hoc|iPhone
		{9BE38131-D209-4F77-BA5F-3A4994D7AC61}.Ad-Hoc|ARM.Build.0 = Ad-Hoc|iPhone
		{9BE38131-D209-4F77-BA5F-3A4994D7AC61}.Ad-Hoc|ARM.Deploy.0 = Ad-Hoc|iPhone
		{9BE38131-D209-4F77-BA5F-3A4994D7AC61}.Ad-Hoc|iPhone.ActiveCfg = Ad-Hoc|iPhone
		{9BE38131-D209-4F77-BA5F-3A4994D7AC61}.Ad-Hoc|iPhone.Build.0 = Ad-Hoc|iPhone
		{9BE38131-D209-4F77-BA5F-3A4994D7AC61}.Ad-Hoc|iPhone.Deploy.0 = Ad-Hoc|iPhone
		{9BE38131-D209-4F77-BA5F-3A4994D7AC61}.Ad-Hoc|iPhoneSimulator.ActiveCfg = Ad-Hoc|iPhoneSimulator
		{9BE38131-D209-4F77-BA5F-3A4994D7AC61}.Ad-Hoc|iPhoneSimulator.Build.0 = Ad-Hoc|iPhoneSimulator
		{9BE38131-D209-4F77-BA5F-3A4994D7AC61}.Ad-Hoc|iPhoneSimulator.Deploy.0 = Ad-Hoc|iPhoneSimulator
		{9BE38131-D209-4F77-BA5F-3A4994D7AC61}.Ad-Hoc|x64.ActiveCfg = Ad-Hoc|iPhone
		{9BE38131-D209-4F77-BA5F-3A4994D7AC61}.Ad-Hoc|x64.Build.0 = Ad-Hoc|iPhone
		{9BE38131-D209-4F77-BA5F-3A4994D7AC61}.Ad-Hoc|x64.Deploy.0 = Ad-Hoc|iPhone
		{9BE38131-D209-4F77-BA5F-3A4994D7AC61}.Ad-Hoc|x86.ActiveCfg = Ad-Hoc|iPhone
		{9BE38131-D209-4F77-BA5F-3A4994D7AC61}.Ad-Hoc|x86.Build.0 = Ad-Hoc|iPhone
		{9BE38131-D209-4F77-BA5F-3A4994D7AC61}.Ad-Hoc|x86.Deploy.0 = Ad-Hoc|iPhone
		{9BE38131-D209-4F77-BA5F-3A4994D7AC61}.AppStore|Any CPU.ActiveCfg = AppStore|iPhone
		{9BE38131-D209-4F77-BA5F-3A4994D7AC61}.AppStore|Any CPU.Build.0 = AppStore|iPhone
		{9BE38131-D209-4F77-BA5F-3A4994D7AC61}.AppStore|Any CPU.Deploy.0 = AppStore|iPhone
		{9BE38131-D209-4F77-BA5F-3A4994D7AC61}.AppStore|ARM.ActiveCfg = AppStore|iPhone
		{9BE38131-D209-4F77-BA5F-3A4994D7AC61}.AppStore|ARM.Build.0 = AppStore|iPhone
		{9BE38131-D209-4F77-BA5F-3A4994D7AC61}.AppStore|ARM.Deploy.0 = AppStore|iPhone
		{9BE38131-D209-4F77-BA5F-3A4994D7AC61}.AppStore|iPhone.ActiveCfg = AppStore|iPhone
		{9BE38131-D209-4F77-BA5F-3A4994D7AC61}.AppStore|iPhone.Build.0 = AppStore|iPhone
		{9BE38131-D209-4F77-BA5F-3A4994D7AC61}.AppStore|iPhone.Deploy.0 = AppStore|iPhone
		{9BE38131-D209-4F77-BA5F-3A4994D7AC61}.AppStore|iPhoneSimulator.ActiveCfg = AppStore|iPhoneSimulator
		{9BE38131-D209-4F77-BA5F-3A4994D7AC61}.AppStore|iPhoneSimulator.Build.0 = AppStore|iPhoneSimulator
		{9BE38131-D209-4F77-BA5F-3A4994D7AC61}.AppStore|iPhoneSimulator.Deploy.0 = AppStore|iPhoneSimulator
		{9BE38131-D209-4F77-BA5F-3A4994D7AC61}.AppStore|x64.ActiveCfg = AppStore|iPhone
		{9BE38131-D209-4F77-BA5F-3A4994D7AC61}.AppStore|x64.Build.0 = AppStore|iPhone
		{9BE38131-D209-4F77-BA5F-3A4994D7AC61}.AppStore|x64.Deploy.0 = AppStore|iPhone
		{9BE38131-D209-4F77-BA5F-3A4994D7AC61}.AppStore|x86.ActiveCfg = AppStore|iPhone
		{9BE38131-D209-4F77-BA5F-3A4994D7AC61}.AppStore|x86.Build.0 = AppStore|iPhone
		{9BE38131-D209-4F77-BA5F-3A4994D7AC61}.AppStore|x86.Deploy.0 = AppStore|iPhone
		{9BE38131-D209-4F77-BA5F-3A4994D7AC61}.Debug|Any CPU.ActiveCfg = Debug|iPhoneSimulator
		{9BE38131-D209-4F77-BA5F-3A4994D7AC61}.Debug|Any CPU.Build.0 = Debug|iPhoneSimulator
		{9BE38131-D209-4F77-BA5F-3A4994D7AC61}.Debug|Any CPU.Deploy.0 = Debug|iPhoneSimulator
		{9BE38131-D209-4F77-BA5F-3A4994D7AC61}.Debug|ARM.ActiveCfg = Debug|iPhone
		{9BE38131-D209-4F77-BA5F-3A4994D7AC61}.Debug|ARM.Build.0 = Debug|iPhone
		{9BE38131-D209-4F77-BA5F-3A4994D7AC61}.Debug|ARM.Deploy.0 = Debug|iPhone
		{9BE38131-D209-4F77-BA5F-3A4994D7AC61}.Debug|iPhone.ActiveCfg = Debug|iPhone
		{9BE38131-D209-4F77-BA5F-3A4994D7AC61}.Debug|iPhone.Build.0 = Debug|iPhone
		{9BE38131-D209-4F77-BA5F-3A4994D7AC61}.Debug|iPhone.Deploy.0 = Debug|iPhone
		{9BE38131-D209-4F77-BA5F-3A4994D7AC61}.Debug|iPhoneSimulator.ActiveCfg = Debug|iPhoneSimulator
		{9BE38131-D209-4F77-BA5F-3A4994D7AC61}.Debug|iPhoneSimulator.Build.0 = Debug|iPhoneSimulator
		{9BE38131-D209-4F77-BA5F-3A4994D7AC61}.Debug|iPhoneSimulator.Deploy.0 = Debug|iPhoneSimulator
		{9BE38131-D209-4F77-BA5F-3A4994D7AC61}.Debug|x64.ActiveCfg = Debug|iPhone
		{9BE38131-D209-4F77-BA5F-3A4994D7AC61}.Debug|x64.Build.0 = Debug|iPhone
		{9BE38131-D209-4F77-BA5F-3A4994D7AC61}.Debug|x64.Deploy.0 = Debug|iPhone
		{9BE38131-D209-4F77-BA5F-3A4994D7AC61}.Debug|x86.ActiveCfg = Debug|iPhone
		{9BE38131-D209-4F77-BA5F-3A4994D7AC61}.Debug|x86.Build.0 = Debug|iPhone
		{9BE38131-D209-4F77-BA5F-3A4994D7AC61}.Debug|x86.Deploy.0 = Debug|iPhone
		{9BE38131-D209-4F77-BA5F-3A4994D7AC61}.Release|Any CPU.ActiveCfg = Release|iPhone
		{9BE38131-D209-4F77-BA5F-3A4994D7AC61}.Release|Any CPU.Build.0 = Release|iPhone
		{9BE38131-D209-4F77-BA5F-3A4994D7AC61}.Release|Any CPU.Deploy.0 = Release|iPhone
		{9BE38131-D209-4F77-BA5F-3A4994D7AC61}.Release|ARM.ActiveCfg = Release|iPhone
		{9BE38131-D209-4F77-BA5F-3A4994D7AC61}.Release|ARM.Build.0 = Release|iPhone
		{9BE38131-D209-4F77-BA5F-3A4994D7AC61}.Release|ARM.Deploy.0 = Release|iPhone
		{9BE38131-D209-4F77-BA5F-3A4994D7AC61}.Release|iPhone.ActiveCfg = Release|iPhone
		{9BE38131-D209-4F77-BA5F-3A4994D7AC61}.Release|iPhone.Build.0 = Release|iPhone
		{9BE38131-D209-4F77-BA5F-3A4994D7AC61}.Release|iPhone.Deploy.0 = Release|iPhone
		{9BE38131-D209-4F77-BA5F-3A4994D7AC61}.Release|iPhoneSimulator.ActiveCfg = Release|iPhoneSimulator
		{9BE38131-D209-4F77-BA5F-3A4994D7AC61}.Release|iPhoneSimulator.Build.0 = Release|iPhoneSimulator
		{9BE38131-D209-4F77-BA5F-3A4994D7AC61}.Release|iPhoneSimulator.Deploy.0 = Release|iPhoneSimulator
		{9BE38131-D209-4F77-BA5F-3A4994D7AC61}.Release|x64.ActiveCfg = Release|iPhone
		{9BE38131-D209-4F77-BA5F-3A4994D7AC61}.Release|x64.Build.0 = Release|iPhone
		{9BE38131-D209-4F77-BA5F-3A4994D7AC61}.Release|x64.Deploy.0 = Release|iPhone
		{9BE38131-D209-4F77-BA5F-3A4994D7AC61}.Release|x86.ActiveCfg = Release|iPhone
		{9BE38131-D209-4F77-BA5F-3A4994D7AC61}.Release|x86.Build.0 = Release|iPhone
		{9BE38131-D209-4F77-BA5F-3A4994D7AC61}.Release|x86.Deploy.0 = Release|iPhone
		{116DDA71-F619-407A-8C9D-42754A70E635}.Ad-Hoc|Any CPU.ActiveCfg = Release|x86
		{116DDA71-F619-407A-8C9D-42754A70E635}.Ad-Hoc|Any CPU.Build.0 = Release|x86
		{116DDA71-F619-407A-8C9D-42754A70E635}.Ad-Hoc|Any CPU.Deploy.0 = Release|x86
		{116DDA71-F619-407A-8C9D-42754A70E635}.Ad-Hoc|ARM.ActiveCfg = Release|ARM
		{116DDA71-F619-407A-8C9D-42754A70E635}.Ad-Hoc|ARM.Build.0 = Release|ARM
		{116DDA71-F619-407A-8C9D-42754A70E635}.Ad-Hoc|ARM.Deploy.0 = Release|ARM
		{116DDA71-F619-407A-8C9D-42754A70E635}.Ad-Hoc|iPhone.ActiveCfg = Release|x86
		{116DDA71-F619-407A-8C9D-42754A70E635}.Ad-Hoc|iPhone.Build.0 = Release|x86
		{116DDA71-F619-407A-8C9D-42754A70E635}.Ad-Hoc|iPhone.Deploy.0 = Release|x86
		{116DDA71-F619-407A-8C9D-42754A70E635}.Ad-Hoc|iPhoneSimulator.ActiveCfg = Release|x86
		{116DDA71-F619-407A-8C9D-42754A70E635}.Ad-Hoc|iPhoneSimulator.Build.0 = Release|x86
		{116DDA71-F619-407A-8C9D-42754A70E635}.Ad-Hoc|iPhoneSimulator.Deploy.0 = Release|x86
		{116DDA71-F619-407A-8C9D-42754A70E635}.Ad-Hoc|x64.ActiveCfg = Release|x64
		{116DDA71-F619-407A-8C9D-42754A70E635}.Ad-Hoc|x64.Build.0 = Release|x64
		{116DDA71-F619-407A-8C9D-42754A70E635}.Ad-Hoc|x64.Deploy.0 = Release|x64
		{116DDA71-F619-407A-8C9D-42754A70E635}.Ad-Hoc|x86.ActiveCfg = Release|x86
		{116DDA71-F619-407A-8C9D-42754A70E635}.Ad-Hoc|x86.Build.0 = Release|x86
		{116DDA71-F619-407A-8C9D-42754A70E635}.Ad-Hoc|x86.Deploy.0 = Release|x86
		{116DDA71-F619-407A-8C9D-42754A70E635}.AppStore|Any CPU.ActiveCfg = Release|x86
		{116DDA71-F619-407A-8C9D-42754A70E635}.AppStore|Any CPU.Build.0 = Release|x86
		{116DDA71-F619-407A-8C9D-42754A70E635}.AppStore|Any CPU.Deploy.0 = Release|x86
		{116DDA71-F619-407A-8C9D-42754A70E635}.AppStore|ARM.ActiveCfg = Release|ARM
		{116DDA71-F619-407A-8C9D-42754A70E635}.AppStore|ARM.Build.0 = Release|ARM
		{116DDA71-F619-407A-8C9D-42754A70E635}.AppStore|ARM.Deploy.0 = Release|ARM
		{116DDA71-F619-407A-8C9D-42754A70E635}.AppStore|iPhone.ActiveCfg = Release|x86
		{116DDA71-F619-407A-8C9D-42754A70E635}.AppStore|iPhone.Build.0 = Release|x86
		{116DDA71-F619-407A-8C9D-42754A70E635}.AppStore|iPhone.Deploy.0 = Release|x86
		{116DDA71-F619-407A-8C9D-42754A70E635}.AppStore|iPhoneSimulator.ActiveCfg = Release|x86
		{116DDA71-F619-407A-8C9D-42754A70E635}.AppStore|iPhoneSimulator.Build.0 = Release|x86
		{116DDA71-F619-407A-8C9D-42754A70E635}.AppStore|iPhoneSimulator.Deploy.0 = Release|x86
		{116DDA71-F619-407A-8C9D-42754A70E635}.AppStore|x64.ActiveCfg = Release|x64
		{116DDA71-F619-407A-8C9D-42754A70E635}.AppStore|x64.Build.0 = Release|x64
		{116DDA71-F619-407A-8C9D-42754A70E635}.AppStore|x64.Deploy.0 = Release|x64
		{116DDA71-F619-407A-8C9D-42754A70E635}.AppStore|x86.ActiveCfg = Release|x86
		{116DDA71-F619-407A-8C9D-42754A70E635}.AppStore|x86.Build.0 = Release|x86
		{116DDA71-F619-407A-8C9D-42754A70E635}.AppStore|x86.Deploy.0 = Release|x86
		{116DDA71-F619-407A-8C9D-42754A70E635}.Debug|Any CPU.ActiveCfg = Debug|x86
		{116DDA71-F619-407A-8C9D-42754A70E635}.Debug|Any CPU.Build.0 = Debug|x86
		{116DDA71-F619-407A-8C9D-42754A70E635}.Debug|Any CPU.Deploy.0 = Debug|x86
		{116DDA71-F619-407A-8C9D-42754A70E635}.Debug|ARM.ActiveCfg = Debug|ARM
		{116DDA71-F619-407A-8C9D-42754A70E635}.Debug|ARM.Build.0 = Debug|ARM
		{116DDA71-F619-407A-8C9D-42754A70E635}.Debug|ARM.Deploy.0 = Debug|ARM
		{116DDA71-F619-407A-8C9D-42754A70E635}.Debug|iPhone.ActiveCfg = Debug|x86
		{116DDA71-F619-407A-8C9D-42754A70E635}.Debug|iPhone.Build.0 = Debug|x86
		{116DDA71-F619-407A-8C9D-42754A70E635}.Debug|iPhone.Deploy.0 = Debug|x86
		{116DDA71-F619-407A-8C9D-42754A70E635}.Debug|iPhoneSimulator.ActiveCfg = Debug|x86
		{116DDA71-F619-407A-8C9D-42754A70E635}.Debug|iPhoneSimulator.Build.0 = Debug|x86
		{116DDA71-F619-407A-8C9D-42754A70E635}.Debug|iPhoneSimulator.Deploy.0 = Debug|x86
		{116DDA71-F619-407A-8C9D-42754A70E635}.Debug|x64.ActiveCfg = Debug|x64
		{116DDA71-F619-407A-8C9D-42754A70E635}.Debug|x64.Build.0 = Debug|x64
		{116DDA71-F619-407A-8C9D-42754A70E635}.Debug|x64.Deploy.0 = Debug|x64
		{116DDA71-F619-407A-8C9D-42754A70E635}.Debug|x86.ActiveCfg = Debug|x86
		{116DDA71-F619-407A-8C9D-42754A70E635}.Debug|x86.Build.0 = Debug|x86
		{116DDA71-F619-407A-8C9D-42754A70E635}.Debug|x86.Deploy.0 = Debug|x86
		{116DDA71-F619-407A-8C9D-42754A70E635}.Release|Any CPU.ActiveCfg = Release|x86
		{116DDA71-F619-407A-8C9D-42754A70E635}.Release|Any CPU.Build.0 = Release|x86
		{116DDA71-F619-407A-8C9D-42754A70E635}.Release|Any CPU.Deploy.0 = Release|x86
		{116DDA71-F619-407A-8C9D-42754A70E635}.Release|ARM.ActiveCfg = Release|ARM
		{116DDA71-F619-407A-8C9D-42754A70E635}.Release|ARM.Build.0 = Release|ARM
		{116DDA71-F619-407A-8C9D-42754A70E635}.Release|ARM.Deploy.0 = Release|ARM
		{116DDA71-F619-407A-8C9D-42754A70E635}.Release|iPhone.ActiveCfg = Release|x86
		{116DDA71-F619-407A-8C9D-42754A70E635}.Release|iPhone.Build.0 = Release|x86
		{116DDA71-F619-407A-8C9D-42754A70E635}.Release|iPhone.Deploy.0 = Release|x86
		{116DDA71-F619-407A-8C9D-42754A70E635}.Release|iPhoneSimulator.ActiveCfg = Release|x86
		{116DDA71-F619-407A-8C9D-42754A70E635}.Release|iPhoneSimulator.Build.0 = Release|x86
		{116DDA71-F619-407A-8C9D-42754A70E635}.Release|iPhoneSimulator.Deploy.0 = Release|x86
		{116DDA71-F619-407A-8C9D-42754A70E635}.Release|x64.ActiveCfg = Release|x64
		{116DDA71-F619-407A-8C9D-42754A70E635}.Release|x64.Build.0 = Release|x64
		{116DDA71-F619-407A-8C9D-42754A70E635}.Release|x64.Deploy.0 = Release|x64
		{116DDA71-F619-407A-8C9D-42754A70E635}.Release|x86.ActiveCfg = Release|x86
		{116DDA71-F619-407A-8C9D-42754A70E635}.Release|x86.Build.0 = Release|x86
		{116DDA71-F619-407A-8C9D-42754A70E635}.Release|x86.Deploy.0 = Release|x86
		{8FD17EEA-193F-465B-838F-0E40D86DA1A3}.Ad-Hoc|Any CPU.ActiveCfg = Debug|Any CPU
		{8FD17EEA-193F-465B-838F-0E40D86DA1A3}.Ad-Hoc|Any CPU.Build.0 = Debug|Any CPU
		{8FD17EEA-193F-465B-838F-0E40D86DA1A3}.Ad-Hoc|Any CPU.Deploy.0 = Debug|Any CPU
		{8FD17EEA-193F-465B-838F-0E40D86DA1A3}.Ad-Hoc|ARM.ActiveCfg = Debug|Any CPU
		{8FD17EEA-193F-465B-838F-0E40D86DA1A3}.Ad-Hoc|ARM.Build.0 = Debug|Any CPU
		{8FD17EEA-193F-465B-838F-0E40D86DA1A3}.Ad-Hoc|ARM.Deploy.0 = Debug|Any CPU
		{8FD17EEA-193F-465B-838F-0E40D86DA1A3}.Ad-Hoc|iPhone.ActiveCfg = Debug|Any CPU
		{8FD17EEA-193F-465B-838F-0E40D86DA1A3}.Ad-Hoc|iPhone.Build.0 = Debug|Any CPU
		{8FD17EEA-193F-465B-838F-0E40D86DA1A3}.Ad-Hoc|iPhone.Deploy.0 = Debug|Any CPU
		{8FD17EEA-193F-465B-838F-0E40D86DA1A3}.Ad-Hoc|iPhoneSimulator.ActiveCfg = Debug|Any CPU
		{8FD17EEA-193F-465B-838F-0E40D86DA1A3}.Ad-Hoc|iPhoneSimulator.Build.0 = Debug|Any CPU
		{8FD17EEA-193F-465B-838F-0E40D86DA1A3}.Ad-Hoc|iPhoneSimulator.Deploy.0 = Debug|Any CPU
		{8FD17EEA-193F-465B-838F-0E40D86DA1A3}.Ad-Hoc|x64.ActiveCfg = Debug|Any CPU
		{8FD17EEA-193F-465B-838F-0E40D86DA1A3}.Ad-Hoc|x64.Build.0 = Debug|Any CPU
		{8FD17EEA-193F-465B-838F-0E40D86DA1A3}.Ad-Hoc|x64.Deploy.0 = Debug|Any CPU
		{8FD17EEA-193F-465B-838F-0E40D86DA1A3}.Ad-Hoc|x86.ActiveCfg = Debug|Any CPU
		{8FD17EEA-193F-465B-838F-0E40D86DA1A3}.Ad-Hoc|x86.Build.0 = Debug|Any CPU
		{8FD17EEA-193F-465B-838F-0E40D86DA1A3}.Ad-Hoc|x86.Deploy.0 = Debug|Any CPU
		{8FD17EEA-193F-465B-838F-0E40D86DA1A3}.AppStore|Any CPU.ActiveCfg = Debug|Any CPU
		{8FD17EEA-193F-465B-838F-0E40D86DA1A3}.AppStore|Any CPU.Build.0 = Debug|Any CPU
		{8FD17EEA-193F-465B-838F-0E40D86DA1A3}.AppStore|Any CPU.Deploy.0 = Debug|Any CPU
		{8FD17EEA-193F-465B-838F-0E40D86DA1A3}.AppStore|ARM.ActiveCfg = Debug|Any CPU
		{8FD17EEA-193F-465B-838F-0E40D86DA1A3}.AppStore|ARM.Build.0 = Debug|Any CPU
		{8FD17EEA-193F-465B-838F-0E40D86DA1A3}.AppStore|ARM.Deploy.0 = Debug|Any CPU
		{8FD17EEA-193F-465B-838F-0E40D86DA1A3}.AppStore|iPhone.ActiveCfg = Debug|Any CPU
		{8FD17EEA-193F-465B-838F-0E40D86DA1A3}.AppStore|iPhone.Build.0 = Debug|Any CPU
		{8FD17EEA-193F-465B-838F-0E40D86DA1A3}.AppStore|iPhone.Deploy.0 = Debug|Any CPU
		{8FD17EEA-193F-465B-838F-0E40D86DA1A3}.AppStore|iPhoneSimulator.ActiveCfg = Debug|Any CPU
		{8FD17EEA-193F-465B-838F-0E40D86DA1A3}.AppStore|iPhoneSimulator.Build.0 = Debug|Any CPU
		{8FD17EEA-193F-465B-838F-0E40D86DA1A3}.AppStore|iPhoneSimulator.Deploy.0 = Debug|Any CPU
		{8FD17EEA-193F-465B-838F-0E40D86DA1A3}.AppStore|x64.ActiveCfg = Debug|Any CPU
		{8FD17EEA-193F-465B-838F-0E40D86DA1A3}.AppStore|x64.Build.0 = Debug|Any CPU
		{8FD17EEA-193F-465B-838F-0E40D86DA1A3}.AppStore|x64.Deploy.0 = Debug|Any CPU
		{8FD17EEA-193F-465B-838F-0E40D86DA1A3}.AppStore|x86.ActiveCfg = Debug|Any CPU
		{8FD17EEA-193F-465B-838F-0E40D86DA1A3}.AppStore|x86.Build.0 = Debug|Any CPU
		{8FD17EEA-193F-465B-838F-0E40D86DA1A3}.AppStore|x86.Deploy.0 = Debug|Any CPU
		{8FD17EEA-193F-465B-838F-0E40D86DA1A3}.Debug|Any CPU.ActiveCfg = Debug|Any CPU
		{8FD17EEA-193F-465B-838F-0E40D86DA1A3}.Debug|Any CPU.Build.0 = Debug|Any CPU
		{8FD17EEA-193F-465B-838F-0E40D86DA1A3}.Debug|Any CPU.Deploy.0 = Debug|Any CPU
		{8FD17EEA-193F-465B-838F-0E40D86DA1A3}.Debug|ARM.ActiveCfg = Debug|Any CPU
		{8FD17EEA-193F-465B-838F-0E40D86DA1A3}.Debug|ARM.Build.0 = Debug|Any CPU
		{8FD17EEA-193F-465B-838F-0E40D86DA1A3}.Debug|ARM.Deploy.0 = Debug|Any CPU
		{8FD17EEA-193F-465B-838F-0E40D86DA1A3}.Debug|iPhone.ActiveCfg = Debug|Any CPU
		{8FD17EEA-193F-465B-838F-0E40D86DA1A3}.Debug|iPhone.Build.0 = Debug|Any CPU
		{8FD17EEA-193F-465B-838F-0E40D86DA1A3}.Debug|iPhone.Deploy.0 = Debug|Any CPU
		{8FD17EEA-193F-465B-838F-0E40D86DA1A3}.Debug|iPhoneSimulator.ActiveCfg = Debug|Any CPU
		{8FD17EEA-193F-465B-838F-0E40D86DA1A3}.Debug|iPhoneSimulator.Build.0 = Debug|Any CPU
		{8FD17EEA-193F-465B-838F-0E40D86DA1A3}.Debug|iPhoneSimulator.Deploy.0 = Debug|Any CPU
		{8FD17EEA-193F-465B-838F-0E40D86DA1A3}.Debug|x64.ActiveCfg = Debug|Any CPU
		{8FD17EEA-193F-465B-838F-0E40D86DA1A3}.Debug|x64.Build.0 = Debug|Any CPU
		{8FD17EEA-193F-465B-838F-0E40D86DA1A3}.Debug|x64.Deploy.0 = Debug|Any CPU
		{8FD17EEA-193F-465B-838F-0E40D86DA1A3}.Debug|x86.ActiveCfg = Debug|Any CPU
		{8FD17EEA-193F-465B-838F-0E40D86DA1A3}.Debug|x86.Build.0 = Debug|Any CPU
		{8FD17EEA-193F-465B-838F-0E40D86DA1A3}.Debug|x86.Deploy.0 = Debug|Any CPU
		{8FD17EEA-193F-465B-838F-0E40D86DA1A3}.Release|Any CPU.ActiveCfg = Release|Any CPU
		{8FD17EEA-193F-465B-838F-0E40D86DA1A3}.Release|Any CPU.Build.0 = Release|Any CPU
		{8FD17EEA-193F-465B-838F-0E40D86DA1A3}.Release|Any CPU.Deploy.0 = Release|Any CPU
		{8FD17EEA-193F-465B-838F-0E40D86DA1A3}.Release|ARM.ActiveCfg = Release|Any CPU
		{8FD17EEA-193F-465B-838F-0E40D86DA1A3}.Release|ARM.Build.0 = Release|Any CPU
		{8FD17EEA-193F-465B-838F-0E40D86DA1A3}.Release|ARM.Deploy.0 = Release|Any CPU
		{8FD17EEA-193F-465B-838F-0E40D86DA1A3}.Release|iPhone.ActiveCfg = Release|Any CPU
		{8FD17EEA-193F-465B-838F-0E40D86DA1A3}.Release|iPhone.Build.0 = Release|Any CPU
		{8FD17EEA-193F-465B-838F-0E40D86DA1A3}.Release|iPhone.Deploy.0 = Release|Any CPU
		{8FD17EEA-193F-465B-838F-0E40D86DA1A3}.Release|iPhoneSimulator.ActiveCfg = Release|Any CPU
		{8FD17EEA-193F-465B-838F-0E40D86DA1A3}.Release|iPhoneSimulator.Build.0 = Release|Any CPU
		{8FD17EEA-193F-465B-838F-0E40D86DA1A3}.Release|iPhoneSimulator.Deploy.0 = Release|Any CPU
		{8FD17EEA-193F-465B-838F-0E40D86DA1A3}.Release|x64.ActiveCfg = Release|Any CPU
		{8FD17EEA-193F-465B-838F-0E40D86DA1A3}.Release|x64.Build.0 = Release|Any CPU
		{8FD17EEA-193F-465B-838F-0E40D86DA1A3}.Release|x64.Deploy.0 = Release|Any CPU
		{8FD17EEA-193F-465B-838F-0E40D86DA1A3}.Release|x86.ActiveCfg = Release|Any CPU
		{8FD17EEA-193F-465B-838F-0E40D86DA1A3}.Release|x86.Build.0 = Release|Any CPU
		{8FD17EEA-193F-465B-838F-0E40D86DA1A3}.Release|x86.Deploy.0 = Release|Any CPU
		{31562563-6B2F-4B99-B7A7-80FE5B952118}.Ad-Hoc|Any CPU.ActiveCfg = Release|Any CPU
		{31562563-6B2F-4B99-B7A7-80FE5B952118}.Ad-Hoc|Any CPU.Build.0 = Release|Any CPU
		{31562563-6B2F-4B99-B7A7-80FE5B952118}.Ad-Hoc|ARM.ActiveCfg = Release|Any CPU
		{31562563-6B2F-4B99-B7A7-80FE5B952118}.Ad-Hoc|ARM.Build.0 = Release|Any CPU
		{31562563-6B2F-4B99-B7A7-80FE5B952118}.Ad-Hoc|iPhone.ActiveCfg = Release|Any CPU
		{31562563-6B2F-4B99-B7A7-80FE5B952118}.Ad-Hoc|iPhone.Build.0 = Release|Any CPU
		{31562563-6B2F-4B99-B7A7-80FE5B952118}.Ad-Hoc|iPhoneSimulator.ActiveCfg = Release|Any CPU
		{31562563-6B2F-4B99-B7A7-80FE5B952118}.Ad-Hoc|iPhoneSimulator.Build.0 = Release|Any CPU
		{31562563-6B2F-4B99-B7A7-80FE5B952118}.Ad-Hoc|x64.ActiveCfg = Release|Any CPU
		{31562563-6B2F-4B99-B7A7-80FE5B952118}.Ad-Hoc|x64.Build.0 = Release|Any CPU
		{31562563-6B2F-4B99-B7A7-80FE5B952118}.Ad-Hoc|x86.ActiveCfg = Release|Any CPU
		{31562563-6B2F-4B99-B7A7-80FE5B952118}.Ad-Hoc|x86.Build.0 = Release|Any CPU
		{31562563-6B2F-4B99-B7A7-80FE5B952118}.AppStore|Any CPU.ActiveCfg = Release|Any CPU
		{31562563-6B2F-4B99-B7A7-80FE5B952118}.AppStore|Any CPU.Build.0 = Release|Any CPU
		{31562563-6B2F-4B99-B7A7-80FE5B952118}.AppStore|ARM.ActiveCfg = Release|Any CPU
		{31562563-6B2F-4B99-B7A7-80FE5B952118}.AppStore|ARM.Build.0 = Release|Any CPU
		{31562563-6B2F-4B99-B7A7-80FE5B952118}.AppStore|iPhone.ActiveCfg = Release|Any CPU
		{31562563-6B2F-4B99-B7A7-80FE5B952118}.AppStore|iPhone.Build.0 = Release|Any CPU
		{31562563-6B2F-4B99-B7A7-80FE5B952118}.AppStore|iPhoneSimulator.ActiveCfg = Release|Any CPU
		{31562563-6B2F-4B99-B7A7-80FE5B952118}.AppStore|iPhoneSimulator.Build.0 = Release|Any CPU
		{31562563-6B2F-4B99-B7A7-80FE5B952118}.AppStore|x64.ActiveCfg = Release|Any CPU
		{31562563-6B2F-4B99-B7A7-80FE5B952118}.AppStore|x64.Build.0 = Release|Any CPU
		{31562563-6B2F-4B99-B7A7-80FE5B952118}.AppStore|x86.ActiveCfg = Release|Any CPU
		{31562563-6B2F-4B99-B7A7-80FE5B952118}.AppStore|x86.Build.0 = Release|Any CPU
		{31562563-6B2F-4B99-B7A7-80FE5B952118}.Debug|Any CPU.ActiveCfg = Debug|Any CPU
		{31562563-6B2F-4B99-B7A7-80FE5B952118}.Debug|Any CPU.Build.0 = Debug|Any CPU
		{31562563-6B2F-4B99-B7A7-80FE5B952118}.Debug|ARM.ActiveCfg = Debug|Any CPU
		{31562563-6B2F-4B99-B7A7-80FE5B952118}.Debug|ARM.Build.0 = Debug|Any CPU
		{31562563-6B2F-4B99-B7A7-80FE5B952118}.Debug|iPhone.ActiveCfg = Debug|Any CPU
		{31562563-6B2F-4B99-B7A7-80FE5B952118}.Debug|iPhone.Build.0 = Debug|Any CPU
		{31562563-6B2F-4B99-B7A7-80FE5B952118}.Debug|iPhoneSimulator.ActiveCfg = Debug|Any CPU
		{31562563-6B2F-4B99-B7A7-80FE5B952118}.Debug|iPhoneSimulator.Build.0 = Debug|Any CPU
		{31562563-6B2F-4B99-B7A7-80FE5B952118}.Debug|x64.ActiveCfg = Debug|Any CPU
		{31562563-6B2F-4B99-B7A7-80FE5B952118}.Debug|x64.Build.0 = Debug|Any CPU
		{31562563-6B2F-4B99-B7A7-80FE5B952118}.Debug|x86.ActiveCfg = Debug|Any CPU
		{31562563-6B2F-4B99-B7A7-80FE5B952118}.Debug|x86.Build.0 = Debug|Any CPU
		{31562563-6B2F-4B99-B7A7-80FE5B952118}.Release|Any CPU.ActiveCfg = Release|Any CPU
		{31562563-6B2F-4B99-B7A7-80FE5B952118}.Release|Any CPU.Build.0 = Release|Any CPU
		{31562563-6B2F-4B99-B7A7-80FE5B952118}.Release|ARM.ActiveCfg = Release|Any CPU
		{31562563-6B2F-4B99-B7A7-80FE5B952118}.Release|ARM.Build.0 = Release|Any CPU
		{31562563-6B2F-4B99-B7A7-80FE5B952118}.Release|iPhone.ActiveCfg = Release|Any CPU
		{31562563-6B2F-4B99-B7A7-80FE5B952118}.Release|iPhone.Build.0 = Release|Any CPU
		{31562563-6B2F-4B99-B7A7-80FE5B952118}.Release|iPhoneSimulator.ActiveCfg = Release|Any CPU
		{31562563-6B2F-4B99-B7A7-80FE5B952118}.Release|iPhoneSimulator.Build.0 = Release|Any CPU
		{31562563-6B2F-4B99-B7A7-80FE5B952118}.Release|x64.ActiveCfg = Release|Any CPU
		{31562563-6B2F-4B99-B7A7-80FE5B952118}.Release|x64.Build.0 = Release|Any CPU
		{31562563-6B2F-4B99-B7A7-80FE5B952118}.Release|x86.ActiveCfg = Release|Any CPU
		{31562563-6B2F-4B99-B7A7-80FE5B952118}.Release|x86.Build.0 = Release|Any CPU
		{C6D205FB-4B39-4F7A-8A66-31967C77B4CC}.Ad-Hoc|Any CPU.ActiveCfg = Release|Any CPU
		{C6D205FB-4B39-4F7A-8A66-31967C77B4CC}.Ad-Hoc|Any CPU.Build.0 = Release|Any CPU
		{C6D205FB-4B39-4F7A-8A66-31967C77B4CC}.Ad-Hoc|ARM.ActiveCfg = Release|Any CPU
		{C6D205FB-4B39-4F7A-8A66-31967C77B4CC}.Ad-Hoc|ARM.Build.0 = Release|Any CPU
		{C6D205FB-4B39-4F7A-8A66-31967C77B4CC}.Ad-Hoc|iPhone.ActiveCfg = Release|Any CPU
		{C6D205FB-4B39-4F7A-8A66-31967C77B4CC}.Ad-Hoc|iPhone.Build.0 = Release|Any CPU
		{C6D205FB-4B39-4F7A-8A66-31967C77B4CC}.Ad-Hoc|iPhoneSimulator.ActiveCfg = Release|Any CPU
		{C6D205FB-4B39-4F7A-8A66-31967C77B4CC}.Ad-Hoc|iPhoneSimulator.Build.0 = Release|Any CPU
		{C6D205FB-4B39-4F7A-8A66-31967C77B4CC}.Ad-Hoc|x64.ActiveCfg = Release|Any CPU
		{C6D205FB-4B39-4F7A-8A66-31967C77B4CC}.Ad-Hoc|x64.Build.0 = Release|Any CPU
		{C6D205FB-4B39-4F7A-8A66-31967C77B4CC}.Ad-Hoc|x86.ActiveCfg = Release|Any CPU
		{C6D205FB-4B39-4F7A-8A66-31967C77B4CC}.Ad-Hoc|x86.Build.0 = Release|Any CPU
		{C6D205FB-4B39-4F7A-8A66-31967C77B4CC}.AppStore|Any CPU.ActiveCfg = Release|Any CPU
		{C6D205FB-4B39-4F7A-8A66-31967C77B4CC}.AppStore|Any CPU.Build.0 = Release|Any CPU
		{C6D205FB-4B39-4F7A-8A66-31967C77B4CC}.AppStore|ARM.ActiveCfg = Release|Any CPU
		{C6D205FB-4B39-4F7A-8A66-31967C77B4CC}.AppStore|ARM.Build.0 = Release|Any CPU
		{C6D205FB-4B39-4F7A-8A66-31967C77B4CC}.AppStore|iPhone.ActiveCfg = Release|Any CPU
		{C6D205FB-4B39-4F7A-8A66-31967C77B4CC}.AppStore|iPhone.Build.0 = Release|Any CPU
		{C6D205FB-4B39-4F7A-8A66-31967C77B4CC}.AppStore|iPhoneSimulator.ActiveCfg = Release|Any CPU
		{C6D205FB-4B39-4F7A-8A66-31967C77B4CC}.AppStore|iPhoneSimulator.Build.0 = Release|Any CPU
		{C6D205FB-4B39-4F7A-8A66-31967C77B4CC}.AppStore|x64.ActiveCfg = Release|Any CPU
		{C6D205FB-4B39-4F7A-8A66-31967C77B4CC}.AppStore|x64.Build.0 = Release|Any CPU
		{C6D205FB-4B39-4F7A-8A66-31967C77B4CC}.AppStore|x86.ActiveCfg = Release|Any CPU
		{C6D205FB-4B39-4F7A-8A66-31967C77B4CC}.AppStore|x86.Build.0 = Release|Any CPU
		{C6D205FB-4B39-4F7A-8A66-31967C77B4CC}.Debug|Any CPU.ActiveCfg = Debug|Any CPU
		{C6D205FB-4B39-4F7A-8A66-31967C77B4CC}.Debug|Any CPU.Build.0 = Debug|Any CPU
		{C6D205FB-4B39-4F7A-8A66-31967C77B4CC}.Debug|ARM.ActiveCfg = Debug|Any CPU
		{C6D205FB-4B39-4F7A-8A66-31967C77B4CC}.Debug|ARM.Build.0 = Debug|Any CPU
		{C6D205FB-4B39-4F7A-8A66-31967C77B4CC}.Debug|iPhone.ActiveCfg = Debug|Any CPU
		{C6D205FB-4B39-4F7A-8A66-31967C77B4CC}.Debug|iPhone.Build.0 = Debug|Any CPU
		{C6D205FB-4B39-4F7A-8A66-31967C77B4CC}.Debug|iPhoneSimulator.ActiveCfg = Debug|Any CPU
		{C6D205FB-4B39-4F7A-8A66-31967C77B4CC}.Debug|iPhoneSimulator.Build.0 = Debug|Any CPU
		{C6D205FB-4B39-4F7A-8A66-31967C77B4CC}.Debug|x64.ActiveCfg = Debug|Any CPU
		{C6D205FB-4B39-4F7A-8A66-31967C77B4CC}.Debug|x64.Build.0 = Debug|Any CPU
		{C6D205FB-4B39-4F7A-8A66-31967C77B4CC}.Debug|x86.ActiveCfg = Debug|Any CPU
		{C6D205FB-4B39-4F7A-8A66-31967C77B4CC}.Debug|x86.Build.0 = Debug|Any CPU
		{C6D205FB-4B39-4F7A-8A66-31967C77B4CC}.Release|Any CPU.ActiveCfg = Release|Any CPU
		{C6D205FB-4B39-4F7A-8A66-31967C77B4CC}.Release|Any CPU.Build.0 = Release|Any CPU
		{C6D205FB-4B39-4F7A-8A66-31967C77B4CC}.Release|ARM.ActiveCfg = Release|Any CPU
		{C6D205FB-4B39-4F7A-8A66-31967C77B4CC}.Release|ARM.Build.0 = Release|Any CPU
		{C6D205FB-4B39-4F7A-8A66-31967C77B4CC}.Release|iPhone.ActiveCfg = Release|Any CPU
		{C6D205FB-4B39-4F7A-8A66-31967C77B4CC}.Release|iPhone.Build.0 = Release|Any CPU
		{C6D205FB-4B39-4F7A-8A66-31967C77B4CC}.Release|iPhoneSimulator.ActiveCfg = Release|Any CPU
		{C6D205FB-4B39-4F7A-8A66-31967C77B4CC}.Release|iPhoneSimulator.Build.0 = Release|Any CPU
		{C6D205FB-4B39-4F7A-8A66-31967C77B4CC}.Release|x64.ActiveCfg = Release|Any CPU
		{C6D205FB-4B39-4F7A-8A66-31967C77B4CC}.Release|x64.Build.0 = Release|Any CPU
		{C6D205FB-4B39-4F7A-8A66-31967C77B4CC}.Release|x86.ActiveCfg = Release|Any CPU
		{C6D205FB-4B39-4F7A-8A66-31967C77B4CC}.Release|x86.Build.0 = Release|Any CPU
		{57B29ADD-ACF4-4232-8585-6D58636C5177}.Ad-Hoc|Any CPU.ActiveCfg = Release|Any CPU
		{57B29ADD-ACF4-4232-8585-6D58636C5177}.Ad-Hoc|Any CPU.Build.0 = Release|Any CPU
		{57B29ADD-ACF4-4232-8585-6D58636C5177}.Ad-Hoc|ARM.ActiveCfg = Release|Any CPU
		{57B29ADD-ACF4-4232-8585-6D58636C5177}.Ad-Hoc|ARM.Build.0 = Release|Any CPU
		{57B29ADD-ACF4-4232-8585-6D58636C5177}.Ad-Hoc|iPhone.ActiveCfg = Release|Any CPU
		{57B29ADD-ACF4-4232-8585-6D58636C5177}.Ad-Hoc|iPhone.Build.0 = Release|Any CPU
		{57B29ADD-ACF4-4232-8585-6D58636C5177}.Ad-Hoc|iPhoneSimulator.ActiveCfg = Release|Any CPU
		{57B29ADD-ACF4-4232-8585-6D58636C5177}.Ad-Hoc|iPhoneSimulator.Build.0 = Release|Any CPU
		{57B29ADD-ACF4-4232-8585-6D58636C5177}.Ad-Hoc|x64.ActiveCfg = Release|Any CPU
		{57B29ADD-ACF4-4232-8585-6D58636C5177}.Ad-Hoc|x64.Build.0 = Release|Any CPU
		{57B29ADD-ACF4-4232-8585-6D58636C5177}.Ad-Hoc|x86.ActiveCfg = Release|Any CPU
		{57B29ADD-ACF4-4232-8585-6D58636C5177}.Ad-Hoc|x86.Build.0 = Release|Any CPU
		{57B29ADD-ACF4-4232-8585-6D58636C5177}.AppStore|Any CPU.ActiveCfg = Release|Any CPU
		{57B29ADD-ACF4-4232-8585-6D58636C5177}.AppStore|Any CPU.Build.0 = Release|Any CPU
		{57B29ADD-ACF4-4232-8585-6D58636C5177}.AppStore|ARM.ActiveCfg = Release|Any CPU
		{57B29ADD-ACF4-4232-8585-6D58636C5177}.AppStore|ARM.Build.0 = Release|Any CPU
		{57B29ADD-ACF4-4232-8585-6D58636C5177}.AppStore|iPhone.ActiveCfg = Release|Any CPU
		{57B29ADD-ACF4-4232-8585-6D58636C5177}.AppStore|iPhone.Build.0 = Release|Any CPU
		{57B29ADD-ACF4-4232-8585-6D58636C5177}.AppStore|iPhoneSimulator.ActiveCfg = Release|Any CPU
		{57B29ADD-ACF4-4232-8585-6D58636C5177}.AppStore|iPhoneSimulator.Build.0 = Release|Any CPU
		{57B29ADD-ACF4-4232-8585-6D58636C5177}.AppStore|x64.ActiveCfg = Release|Any CPU
		{57B29ADD-ACF4-4232-8585-6D58636C5177}.AppStore|x64.Build.0 = Release|Any CPU
		{57B29ADD-ACF4-4232-8585-6D58636C5177}.AppStore|x86.ActiveCfg = Release|Any CPU
		{57B29ADD-ACF4-4232-8585-6D58636C5177}.AppStore|x86.Build.0 = Release|Any CPU
		{57B29ADD-ACF4-4232-8585-6D58636C5177}.Debug|Any CPU.ActiveCfg = Debug|Any CPU
		{57B29ADD-ACF4-4232-8585-6D58636C5177}.Debug|Any CPU.Build.0 = Debug|Any CPU
		{57B29ADD-ACF4-4232-8585-6D58636C5177}.Debug|ARM.ActiveCfg = Debug|Any CPU
		{57B29ADD-ACF4-4232-8585-6D58636C5177}.Debug|ARM.Build.0 = Debug|Any CPU
		{57B29ADD-ACF4-4232-8585-6D58636C5177}.Debug|iPhone.ActiveCfg = Debug|Any CPU
		{57B29ADD-ACF4-4232-8585-6D58636C5177}.Debug|iPhone.Build.0 = Debug|Any CPU
		{57B29ADD-ACF4-4232-8585-6D58636C5177}.Debug|iPhoneSimulator.ActiveCfg = Debug|Any CPU
		{57B29ADD-ACF4-4232-8585-6D58636C5177}.Debug|iPhoneSimulator.Build.0 = Debug|Any CPU
		{57B29ADD-ACF4-4232-8585-6D58636C5177}.Debug|x64.ActiveCfg = Debug|Any CPU
		{57B29ADD-ACF4-4232-8585-6D58636C5177}.Debug|x64.Build.0 = Debug|Any CPU
		{57B29ADD-ACF4-4232-8585-6D58636C5177}.Debug|x86.ActiveCfg = Debug|Any CPU
		{57B29ADD-ACF4-4232-8585-6D58636C5177}.Debug|x86.Build.0 = Debug|Any CPU
		{57B29ADD-ACF4-4232-8585-6D58636C5177}.Release|Any CPU.ActiveCfg = Release|Any CPU
		{57B29ADD-ACF4-4232-8585-6D58636C5177}.Release|Any CPU.Build.0 = Release|Any CPU
		{57B29ADD-ACF4-4232-8585-6D58636C5177}.Release|ARM.ActiveCfg = Release|Any CPU
		{57B29ADD-ACF4-4232-8585-6D58636C5177}.Release|ARM.Build.0 = Release|Any CPU
		{57B29ADD-ACF4-4232-8585-6D58636C5177}.Release|iPhone.ActiveCfg = Release|Any CPU
		{57B29ADD-ACF4-4232-8585-6D58636C5177}.Release|iPhone.Build.0 = Release|Any CPU
		{57B29ADD-ACF4-4232-8585-6D58636C5177}.Release|iPhoneSimulator.ActiveCfg = Release|Any CPU
		{57B29ADD-ACF4-4232-8585-6D58636C5177}.Release|iPhoneSimulator.Build.0 = Release|Any CPU
		{57B29ADD-ACF4-4232-8585-6D58636C5177}.Release|x64.ActiveCfg = Release|Any CPU
		{57B29ADD-ACF4-4232-8585-6D58636C5177}.Release|x64.Build.0 = Release|Any CPU
		{57B29ADD-ACF4-4232-8585-6D58636C5177}.Release|x86.ActiveCfg = Release|Any CPU
		{57B29ADD-ACF4-4232-8585-6D58636C5177}.Release|x86.Build.0 = Release|Any CPU
		{05C9F7D5-900A-42E3-8853-4D932BB41C70}.Ad-Hoc|Any CPU.ActiveCfg = Release|Any CPU
		{05C9F7D5-900A-42E3-8853-4D932BB41C70}.Ad-Hoc|Any CPU.Build.0 = Release|Any CPU
		{05C9F7D5-900A-42E3-8853-4D932BB41C70}.Ad-Hoc|ARM.ActiveCfg = Release|Any CPU
		{05C9F7D5-900A-42E3-8853-4D932BB41C70}.Ad-Hoc|ARM.Build.0 = Release|Any CPU
		{05C9F7D5-900A-42E3-8853-4D932BB41C70}.Ad-Hoc|iPhone.ActiveCfg = Release|Any CPU
		{05C9F7D5-900A-42E3-8853-4D932BB41C70}.Ad-Hoc|iPhone.Build.0 = Release|Any CPU
		{05C9F7D5-900A-42E3-8853-4D932BB41C70}.Ad-Hoc|iPhoneSimulator.ActiveCfg = Release|Any CPU
		{05C9F7D5-900A-42E3-8853-4D932BB41C70}.Ad-Hoc|iPhoneSimulator.Build.0 = Release|Any CPU
		{05C9F7D5-900A-42E3-8853-4D932BB41C70}.Ad-Hoc|x64.ActiveCfg = Release|Any CPU
		{05C9F7D5-900A-42E3-8853-4D932BB41C70}.Ad-Hoc|x64.Build.0 = Release|Any CPU
		{05C9F7D5-900A-42E3-8853-4D932BB41C70}.Ad-Hoc|x86.ActiveCfg = Release|Any CPU
		{05C9F7D5-900A-42E3-8853-4D932BB41C70}.Ad-Hoc|x86.Build.0 = Release|Any CPU
		{05C9F7D5-900A-42E3-8853-4D932BB41C70}.AppStore|Any CPU.ActiveCfg = Release|Any CPU
		{05C9F7D5-900A-42E3-8853-4D932BB41C70}.AppStore|Any CPU.Build.0 = Release|Any CPU
		{05C9F7D5-900A-42E3-8853-4D932BB41C70}.AppStore|ARM.ActiveCfg = Release|Any CPU
		{05C9F7D5-900A-42E3-8853-4D932BB41C70}.AppStore|ARM.Build.0 = Release|Any CPU
		{05C9F7D5-900A-42E3-8853-4D932BB41C70}.AppStore|iPhone.ActiveCfg = Release|Any CPU
		{05C9F7D5-900A-42E3-8853-4D932BB41C70}.AppStore|iPhone.Build.0 = Release|Any CPU
		{05C9F7D5-900A-42E3-8853-4D932BB41C70}.AppStore|iPhoneSimulator.ActiveCfg = Release|Any CPU
		{05C9F7D5-900A-42E3-8853-4D932BB41C70}.AppStore|iPhoneSimulator.Build.0 = Release|Any CPU
		{05C9F7D5-900A-42E3-8853-4D932BB41C70}.AppStore|x64.ActiveCfg = Release|Any CPU
		{05C9F7D5-900A-42E3-8853-4D932BB41C70}.AppStore|x64.Build.0 = Release|Any CPU
		{05C9F7D5-900A-42E3-8853-4D932BB41C70}.AppStore|x86.ActiveCfg = Release|Any CPU
		{05C9F7D5-900A-42E3-8853-4D932BB41C70}.AppStore|x86.Build.0 = Release|Any CPU
		{05C9F7D5-900A-42E3-8853-4D932BB41C70}.Debug|Any CPU.ActiveCfg = Debug|Any CPU
		{05C9F7D5-900A-42E3-8853-4D932BB41C70}.Debug|Any CPU.Build.0 = Debug|Any CPU
		{05C9F7D5-900A-42E3-8853-4D932BB41C70}.Debug|ARM.ActiveCfg = Debug|Any CPU
		{05C9F7D5-900A-42E3-8853-4D932BB41C70}.Debug|ARM.Build.0 = Debug|Any CPU
		{05C9F7D5-900A-42E3-8853-4D932BB41C70}.Debug|iPhone.ActiveCfg = Debug|Any CPU
		{05C9F7D5-900A-42E3-8853-4D932BB41C70}.Debug|iPhone.Build.0 = Debug|Any CPU
		{05C9F7D5-900A-42E3-8853-4D932BB41C70}.Debug|iPhoneSimulator.ActiveCfg = Debug|Any CPU
		{05C9F7D5-900A-42E3-8853-4D932BB41C70}.Debug|iPhoneSimulator.Build.0 = Debug|Any CPU
		{05C9F7D5-900A-42E3-8853-4D932BB41C70}.Debug|x64.ActiveCfg = Debug|Any CPU
		{05C9F7D5-900A-42E3-8853-4D932BB41C70}.Debug|x64.Build.0 = Debug|Any CPU
		{05C9F7D5-900A-42E3-8853-4D932BB41C70}.Debug|x86.ActiveCfg = Debug|Any CPU
		{05C9F7D5-900A-42E3-8853-4D932BB41C70}.Debug|x86.Build.0 = Debug|Any CPU
		{05C9F7D5-900A-42E3-8853-4D932BB41C70}.Release|Any CPU.ActiveCfg = Release|Any CPU
		{05C9F7D5-900A-42E3-8853-4D932BB41C70}.Release|Any CPU.Build.0 = Release|Any CPU
		{05C9F7D5-900A-42E3-8853-4D932BB41C70}.Release|ARM.ActiveCfg = Release|Any CPU
		{05C9F7D5-900A-42E3-8853-4D932BB41C70}.Release|ARM.Build.0 = Release|Any CPU
		{05C9F7D5-900A-42E3-8853-4D932BB41C70}.Release|iPhone.ActiveCfg = Release|Any CPU
		{05C9F7D5-900A-42E3-8853-4D932BB41C70}.Release|iPhone.Build.0 = Release|Any CPU
		{05C9F7D5-900A-42E3-8853-4D932BB41C70}.Release|iPhoneSimulator.ActiveCfg = Release|Any CPU
		{05C9F7D5-900A-42E3-8853-4D932BB41C70}.Release|iPhoneSimulator.Build.0 = Release|Any CPU
		{05C9F7D5-900A-42E3-8853-4D932BB41C70}.Release|x64.ActiveCfg = Release|Any CPU
		{05C9F7D5-900A-42E3-8853-4D932BB41C70}.Release|x64.Build.0 = Release|Any CPU
		{05C9F7D5-900A-42E3-8853-4D932BB41C70}.Release|x86.ActiveCfg = Release|Any CPU
		{05C9F7D5-900A-42E3-8853-4D932BB41C70}.Release|x86.Build.0 = Release|Any CPU
	EndGlobalSection
	GlobalSection(SolutionProperties) = preSolution
		HideSolutionNode = FALSE
	EndGlobalSection
	GlobalSection(ExtensibilityGlobals) = postSolution
		SolutionGuid = {C0A5B73F-FDE6-4C15-8FDA-97C04744DC5D}
	EndGlobalSection
EndGlobal
